<?xml version="1.0" encoding="utf-8"?>
<Project ToolsVersion="4.0" xmlns="http://schemas.microsoft.com/developer/msbuild/2003">
  <ItemGroup>
    <Filter Include="Source Files">
      <UniqueIdentifier>{4FC737F1-C7A5-4376-A066-2A32D752A2FF}</UniqueIdentifier>
      <Extensions>cpp;c;cc;cxx;def;odl;idl;hpj;bat;asm;asmx</Extensions>
    </Filter>
    <Filter Include="Mutex">
      <UniqueIdentifier>{f1dcf80c-65b9-451b-bee7-a3ff44968005}</UniqueIdentifier>
    </Filter>
    <Filter Include="Containers">
      <UniqueIdentifier>{95525e63-6c77-4d0b-b931-d82d46f0ded1}</UniqueIdentifier>
    </Filter>
  </ItemGroup>
  <ItemGroup>
    <Text Include="ReadMe.txt" />
  </ItemGroup>
  <ItemGroup>
    <ClInclude Include="..\ConcurrentDX.h" />
    <ClInclude Include="..\Mutex\SpinLocks.h">
      <Filter>Mutex</Filter>
    </ClInclude>
    <ClInclude Include="..\Containers\ConcurrentQueue.h">
      <Filter>Containers</Filter>
    </ClInclude>
  </ItemGroup>
</Project>